
Microsoft Visual Studio Solution File, Format Version 12.00
# Visual Studio Version 17
VisualStudioVersion = 17.14.36408.4 d17.14
MinimumVisualStudioVersion = 10.0.40219.1
Project("{FAE04EC0-301F-11D3-BF4B-00C04F79EFBC}") = "CapaPresentacion", "CapaPresentacion\CapaPresentacion.csproj", "{BECC45F2-FAF2-4F68-BCE3-8AB04034BF4F}"
EndProject
Project("{FAE04EC0-301F-11D3-BF4B-00C04F79EFBC}") = "CapaNegocio", "CapaNegocio\CapaNegocio.csproj", "{A058F03D-A26A-4884-B34A-43207CD634AD}"
EndProject
Project("{FAE04EC0-301F-11D3-BF4B-00C04F79EFBC}") = "CapaDatos", "CapaDatos\CapaDatos.csproj", "{9F007271-D453-42C1-A667-2627A30FFF84}"
EndProject
Global
	GlobalSection(SolutionConfigurationPlatforms) = preSolution
		Debug|Any CPU = Debug|Any CPU
		Release|Any CPU = Release|Any CPU
	EndGlobalSection
	GlobalSection(ProjectConfigurationPlatforms) = postSolution
		{BECC45F2-FAF2-4F68-BCE3-8AB04034BF4F}.Debug|Any CPU.ActiveCfg = Debug|Any CPU
		{BECC45F2-FAF2-4F68-BCE3-8AB04034BF4F}.Debug|Any CPU.Build.0 = Debug|Any CPU
		{BECC45F2-FAF2-4F68-BCE3-8AB04034BF4F}.Release|Any CPU.ActiveCfg = Release|Any CPU
		{BECC45F2-FAF2-4F68-BCE3-8AB04034BF4F}.Release|Any CPU.Build.0 = Release|Any CPU
		{A058F03D-A26A-4884-B34A-43207CD634AD}.Debug|Any CPU.ActiveCfg = Debug|Any CPU
		{A058F03D-A26A-4884-B34A-43207CD634AD}.Debug|Any CPU.Build.0 = Debug|Any CPU
		{A058F03D-A26A-4884-B34A-43207CD634AD}.Release|Any CPU.ActiveCfg = Release|Any CPU
		{A058F03D-A26A-4884-B34A-43207CD634AD}.Release|Any CPU.Build.0 = Release|Any CPU
		{9F007271-D453-42C1-A667-2627A30FFF84}.Debug|Any CPU.ActiveCfg = Debug|Any CPU
		{9F007271-D453-42C1-A667-2627A30FFF84}.Debug|Any CPU.Build.0 = Debug|Any CPU
		{9F007271-D453-42C1-A667-2627A30FFF84}.Release|Any CPU.ActiveCfg = Release|Any CPU
		{9F007271-D453-42C1-A667-2627A30FFF84}.Release|Any CPU.Build.0 = Release|Any CPU
	EndGlobalSection
	GlobalSection(SolutionProperties) = preSolution
		HideSolutionNode = FALSE
	EndGlobalSection
	GlobalSection(ExtensibilityGlobals) = postSolution
		SolutionGuid = {E043319D-FDB6-4DC6-AF79-587A90D7D593}
	EndGlobalSection
EndGlobal
